Microsoft Visual Studio Solution File, Format Version 12.00
# Visual Studio Version 17
VisualStudioVersion = 17.0.31912.275
MinimumVisualStudioVersion = 10.0.40219.1
Project("{9A19103F-16F7-4668-BE54-9A1E7A4F7556}") = "GoFoody.Api", "GoFoody.Api\\GoFoody.Api.csproj", "{6247737F-66C7-4C9A-A1F2-0E2DF931C9D5}"
EndProject
Project("{9A19103F-16F7-4668-BE54-9A1E7A4F7556}") = "GoFoody.Infrastructure", "GoFoody.Infrastructure\\GoFoody.Infrastructure.csproj", "{72F461CF-348F-40B6-8D5C-99359DFEDCE7}"
EndProject
Project("{9A19103F-16F7-4668-BE54-9A1E7A4F7556}") = "GoFoody.Domain", "GoFoody.Domain\\GoFoody.Domain.csproj", "{F3BA1637-6B89-49DB-A7EA-5E85E6FEDD87}"
EndProject
Global
	GlobalSection(SolutionConfigurationPlatforms) = preSolution
		Debug|Any CPU = Debug|Any CPU
		Release|Any CPU = Release|Any CPU
	EndGlobalSection
	GlobalSection(ProjectConfigurationPlatforms) = postSolution
		{6247737F-66C7-4C9A-A1F2-0E2DF931C9D5}.Debug|Any CPU.ActiveCfg = Debug|Any CPU
		{6247737F-66C7-4C9A-A1F2-0E2DF931C9D5}.Debug|Any CPU.Build.0 = Debug|Any CPU
		{6247737F-66C7-4C9A-A1F2-0E2DF931C9D5}.Release|Any CPU.ActiveCfg = Release|Any CPU
		{6247737F-66C7-4C9A-A1F2-0E2DF931C9D5}.Release|Any CPU.Build.0 = Release|Any CPU
		{72F461CF-348F-40B6-8D5C-99359DFEDCE7}.Debug|Any CPU.ActiveCfg = Debug|Any CPU
		{72F461CF-348F-40B6-8D5C-99359DFEDCE7}.Debug|Any CPU.Build.0 = Debug|Any CPU
		{72F461CF-348F-40B6-8D5C-99359DFEDCE7}.Release|Any CPU.ActiveCfg = Release|Any CPU
		{72F461CF-348F-40B6-8D5C-99359DFEDCE7}.Release|Any CPU.Build.0 = Release|Any CPU
		{F3BA1637-6B89-49DB-A7EA-5E85E6FEDD87}.Debug|Any CPU.ActiveCfg = Debug|Any CPU
		{F3BA1637-6B89-49DB-A7EA-5E85E6FEDD87}.Debug|Any CPU.Build.0 = Debug|Any CPU
		{F3BA1637-6B89-49DB-A7EA-5E85E6FEDD87}.Release|Any CPU.ActiveCfg = Release|Any CPU
		{F3BA1637-6B89-49DB-A7EA-5E85E6FEDD87}.Release|Any CPU.Build.0 = Release|Any CPU
	EndGlobalSection
	GlobalSection(SolutionProperties) = preSolution
		HideSolutionNode = FALSE
	EndGlobalSection
EndGlobal
